
Microsoft Visual Studio Solution File, Format Version 12.00
# Visual Studio Version 16
VisualStudioVersion = 16.0.31702.278
MinimumVisualStudioVersion = 10.0.40219.1
Project("{FAE04EC0-301F-11D3-BF4B-00C04F79EFBC}") = "GerarPDF", "GerarPDF.csproj", "{29EC9BA5-1CD3-4B4F-B012-8EE7C596429E}"
EndProject
Global
	GlobalSection(SolutionConfigurationPlatforms) = preSolution
		Debug|Any CPU = Debug|Any CPU
		Release|Any CPU = Release|Any CPU
	EndGlobalSection
	GlobalSection(ProjectConfigurationPlatforms) = postSolution
		{29EC9BA5-1CD3-4B4F-B012-8EE7C596429E}.Debug|Any CPU.ActiveCfg = Debug|Any CPU
		{29EC9BA5-1CD3-4B4F-B012-8EE7C596429E}.Debug|Any CPU.Build.0 = Debug|Any CPU
		{29EC9BA5-1CD3-4B4F-B012-8EE7C596429E}.Release|Any CPU.ActiveCfg = Release|Any CPU
		{29EC9BA5-1CD3-4B4F-B012-8EE7C596429E}.Release|Any CPU.Build.0 = Release|Any CPU
	EndGlobalSection
	GlobalSection(SolutionProperties) = preSolution
		HideSolutionNode = FALSE
	EndGlobalSection
	GlobalSection(ExtensibilityGlobals) = postSolution
		SolutionGuid = {E9D391F5-0111-4BFE-B9E1-BF9F5D1FDA9D}
	EndGlobalSection
EndGlobal
